devDependencies:
  prettier: 2.2.0
lockfileVersion: 5.2
packages:
  /prettier/2.2.0:
    dev: true
    engines:
      node: '>=10.13.0'
    hasBin: true
    resolution:
      integrity: sha512-yYerpkvseM4iKD/BXLYUkQV5aKt4tQPqaGW6EsZjzyu0r7sVZZNPJW4Y8MyKmicp6t42XUPcBVA+H6sB3gqndw==
specifiers:
  prettier: ^2.2.0
